
Microsoft Visual Studio Solution File, Format Version 12.00
# Visual Studio Version 17
VisualStudioVersion = 17.9.34902.65
MinimumVisualStudioVersion = 10.0.40219.1
Project("{FAE04EC0-301F-11D3-BF4B-00C04F79EFBC}") = "CustomLoggingProvider", "CustomLoggingProvider.csproj", "{FF29F838-ABA4-402D-94C4-5FA77186264F}"
EndProject
Project("{FAE04EC0-301F-11D3-BF4B-00C04F79EFBC}") = "CustomLoggingProviderLibrary", "..\CustomLoggingProviderLibrary\CustomLoggingProviderLibrary.csproj", "{F173F601-0D66-4AB3-AF01-F90F070B361B}"
EndProject
Project("{FAE04EC0-301F-11D3-BF4B-00C04F79EFBC}") = "CustomLoggingProviderDomain", "..\CustomLoggingProviderDomain\CustomLoggingProviderDomain.csproj", "{B6C09C86-DCAD-4A09-8BB4-CEEB966F9226}"
EndProject
Project("{FAE04EC0-301F-11D3-BF4B-00C04F79EFBC}") = "CustomLoggingProviderDAO", "..\CustomLoggingProviderDAO\CustomLoggingProviderDAO.csproj", "{CABE6515-97AF-40E2-917F-BF3AF6EA9C68}"
EndProject
Project("{FAE04EC0-301F-11D3-BF4B-00C04F79EFBC}") = "CustomLoggingProviderDAOTest", "..\CustomLoggingProviderDAOTest\CustomLoggingProviderDAOTest.csproj", "{A30C9124-CA50-426C-B3C7-A4A3C0856BE6}"
EndProject
Global
	GlobalSection(SolutionConfigurationPlatforms) = preSolution
		Debug|Any CPU = Debug|Any CPU
		Release|Any CPU = Release|Any CPU
	EndGlobalSection
	GlobalSection(ProjectConfigurationPlatforms) = postSolution
		{FF29F838-ABA4-402D-94C4-5FA77186264F}.Debug|Any CPU.ActiveCfg = Debug|Any CPU
		{FF29F838-ABA4-402D-94C4-5FA77186264F}.Debug|Any CPU.Build.0 = Debug|Any CPU
		{FF29F838-ABA4-402D-94C4-5FA77186264F}.Release|Any CPU.ActiveCfg = Release|Any CPU
		{FF29F838-ABA4-402D-94C4-5FA77186264F}.Release|Any CPU.Build.0 = Release|Any CPU
		{F173F601-0D66-4AB3-AF01-F90F070B361B}.Debug|Any CPU.ActiveCfg = Debug|Any CPU
		{F173F601-0D66-4AB3-AF01-F90F070B361B}.Debug|Any CPU.Build.0 = Debug|Any CPU
		{F173F601-0D66-4AB3-AF01-F90F070B361B}.Release|Any CPU.ActiveCfg = Release|Any CPU
		{F173F601-0D66-4AB3-AF01-F90F070B361B}.Release|Any CPU.Build.0 = Release|Any CPU
		{B6C09C86-DCAD-4A09-8BB4-CEEB966F9226}.Debug|Any CPU.ActiveCfg = Debug|Any CPU
		{B6C09C86-DCAD-4A09-8BB4-CEEB966F9226}.Debug|Any CPU.Build.0 = Debug|Any CPU
		{B6C09C86-DCAD-4A09-8BB4-CEEB966F9226}.Release|Any CPU.ActiveCfg = Release|Any CPU
		{B6C09C86-DCAD-4A09-8BB4-CEEB966F9226}.Release|Any CPU.Build.0 = Release|Any CPU
		{CABE6515-97AF-40E2-917F-BF3AF6EA9C68}.Debug|Any CPU.ActiveCfg = Debug|Any CPU
		{CABE6515-97AF-40E2-917F-BF3AF6EA9C68}.Debug|Any CPU.Build.0 = Debug|Any CPU
		{CABE6515-97AF-40E2-917F-BF3AF6EA9C68}.Release|Any CPU.ActiveCfg = Release|Any CPU
		{CABE6515-97AF-40E2-917F-BF3AF6EA9C68}.Release|Any CPU.Build.0 = Release|Any CPU
		{A30C9124-CA50-426C-B3C7-A4A3C0856BE6}.Debug|Any CPU.ActiveCfg = Debug|Any CPU
		{A30C9124-CA50-426C-B3C7-A4A3C0856BE6}.Debug|Any CPU.Build.0 = Debug|Any CPU
		{A30C9124-CA50-426C-B3C7-A4A3C0856BE6}.Release|Any CPU.ActiveCfg = Release|Any CPU
		{A30C9124-CA50-426C-B3C7-A4A3C0856BE6}.Release|Any CPU.Build.0 = Release|Any CPU
	EndGlobalSection
	GlobalSection(SolutionProperties) = preSolution
		HideSolutionNode = FALSE
	EndGlobalSection
	GlobalSection(ExtensibilityGlobals) = postSolution
		SolutionGuid = {ED3C0495-D8A9-4562-BD5C-096BEE178D99}
	EndGlobalSection
EndGlobal
